{
    "_readme": [
        "This file locks the dependencies of your project to a known state",
        "Read more about it at https://getcomposer.org/doc/01-basic-usage.md#installing-dependencies",
        "This file is @generated automatically"
    ],
    "content-hash": "b625290490c3bf01ffd642a0f63fb1e0",
    "packages": [
        {
            "name": "spiral/roadrunner",
            "version": "v2025.1.2",
            "source": {
                "type": "git",
                "url": "https://github.com/roadrunner-server/roadrunner.git",
                "reference": "885c7087efa77380d5109901cf0a4888f611294b"
            },
            "dist": {
                "type": "zip",
                "url": "https://api.github.com/repos/roadrunner-server/roadrunner/zipball/885c7087efa77380d5109901cf0a4888f611294b",
                "reference": "885c7087efa77380d5109901cf0a4888f611294b",
                "shasum": ""
            },
            "type": "metapackage",
            "notification-url": "https://packagist.org/downloads/",
            "license": [
                "MIT"
            ],
            "authors": [
                {
                    "name": "Anton Titov / Wolfy-J",
                    "email": "wolfy.jd@gmail.com"
                },
                {
                    "name": "Valery Piashchynski",
                    "homepage": "https://github.com/rustatian"
                },
                {
                    "name": "RoadRunner Community",
                    "homepage": "https://github.com/roadrunner-server/roadrunner/graphs/contributors"
                }
            ],
            "description": "RoadRunner: High-performance PHP application server and process manager written in Go and powered with plugins",
            "homepage": "https://roadrunner.dev/",
            "support": {
                "chat": "https://discord.gg/V6EK4he",
                "docs": "https://roadrunner.dev/docs",
                "forum": "https://forum.roadrunner.dev/",
                "issues": "https://github.com/roadrunner-server/roadrunner/issues",
                "source": "https://github.com/roadrunner-server/roadrunner/tree/v2025.1.2"
            },
            "funding": [
                {
                    "url": "https://github.com/sponsors/roadrunner-server",
                    "type": "github"
                }
            ],
            "time": "2025-06-14T22:21:13+00:00"
        }
    ],
    "packages-dev": [],
    "aliases": [],
    "minimum-stability": "stable",
    "stability-flags": {},
    "prefer-stable": false,
    "prefer-lowest": false,
    "platform": {},
    "platform-dev": {},
    "plugin-api-version": "2.6.0"
}
